
Microsoft Visual Studio Solution File, Format Version 12.00
# Visual Studio Version 16
VisualStudioVersion = 16.0.30907.101
MinimumVisualStudioVersion = 10.0.40219.1
Project("{FAE04EC0-301F-11D3-BF4B-00C04F79EFBC}") = "Shapes", "Shapes\Shapes.csproj", "{6CD56E67-FF15-4490-B468-41F8625EC17C}"
EndProject
Global
	GlobalSection(SolutionConfigurationPlatforms) = preSolution
		Debug|Any CPU = Debug|Any CPU
		Release|Any CPU = Release|Any CPU
	EndGlobalSection
	GlobalSection(ProjectConfigurationPlatforms) = postSolution
		{6CD56E67-FF15-4490-B468-41F8625EC17C}.Debug|Any CPU.ActiveCfg = Debug|Any CPU
		{6CD56E67-FF15-4490-B468-41F8625EC17C}.Debug|Any CPU.Build.0 = Debug|Any CPU
		{6CD56E67-FF15-4490-B468-41F8625EC17C}.Release|Any CPU.ActiveCfg = Release|Any CPU
		{6CD56E67-FF15-4490-B468-41F8625EC17C}.Release|Any CPU.Build.0 = Release|Any CPU
	EndGlobalSection
	GlobalSection(SolutionProperties) = preSolution
		HideSolutionNode = FALSE
	EndGlobalSection
	GlobalSection(ExtensibilityGlobals) = postSolution
		SolutionGuid = {F2D7EE30-6499-49A9-85C3-965F72A352E0}
	EndGlobalSection
EndGlobal
